
Microsoft Visual Studio Solution File, Format Version 12.00
# Visual Studio Version 17
VisualStudioVersion = 17.0.31903.59
MinimumVisualStudioVersion = 10.0.40219.1
Project("{FAE04EC0-301F-11D3-BF4B-00C04F79EFBC}") = "archivpoznamek-hrouda", "archivpoznamek-hrouda\archivpoznamek-hrouda.csproj", "{C235C3EC-F2B2-4E06-8F9B-5CB8613FD7DB}"
EndProject
Global
	GlobalSection(SolutionConfigurationPlatforms) = preSolution
		Debug|Any CPU = Debug|Any CPU
		Release|Any CPU = Release|Any CPU
	EndGlobalSection
	GlobalSection(ProjectConfigurationPlatforms) = postSolution
		{C235C3EC-F2B2-4E06-8F9B-5CB8613FD7DB}.Debug|Any CPU.ActiveCfg = Debug|Any CPU
		{C235C3EC-F2B2-4E06-8F9B-5CB8613FD7DB}.Debug|Any CPU.Build.0 = Debug|Any CPU
		{C235C3EC-F2B2-4E06-8F9B-5CB8613FD7DB}.Release|Any CPU.ActiveCfg = Release|Any CPU
		{C235C3EC-F2B2-4E06-8F9B-5CB8613FD7DB}.Release|Any CPU.Build.0 = Release|Any CPU
	EndGlobalSection
	GlobalSection(SolutionProperties) = preSolution
		HideSolutionNode = FALSE
	EndGlobalSection
	GlobalSection(ExtensibilityGlobals) = postSolution
		SolutionGuid = {75E12BC1-4952-4CEE-B133-BD7266B07A99}
	EndGlobalSection
EndGlobal
